
Microsoft Visual Studio Solution File, Format Version 12.00
# Visual Studio Version 17
VisualStudioVersion = 17.11.35312.102
MinimumVisualStudioVersion = 10.0.40219.1
Project("{FAE04EC0-301F-11D3-BF4B-00C04F79EFBC}") = "ChatAndChalk_Client", "ChatAndChalk\ChatAndChalk_Client.csproj", "{295DA5DF-B8CA-4C26-B3AB-22CD13470E84}"
EndProject
Project("{FAE04EC0-301F-11D3-BF4B-00C04F79EFBC}") = "ChatSever", "ChatSever\ChatSever.csproj", "{3877E2D0-6D9E-410A-9FC3-552C0D22C9D2}"
EndProject
Global
	GlobalSection(SolutionConfigurationPlatforms) = preSolution
		Debug|Any CPU = Debug|Any CPU
		Release|Any CPU = Release|Any CPU
	EndGlobalSection
	GlobalSection(ProjectConfigurationPlatforms) = postSolution
		{295DA5DF-B8CA-4C26-B3AB-22CD13470E84}.Debug|Any CPU.ActiveCfg = Debug|Any CPU
		{295DA5DF-B8CA-4C26-B3AB-22CD13470E84}.Debug|Any CPU.Build.0 = Debug|Any CPU
		{295DA5DF-B8CA-4C26-B3AB-22CD13470E84}.Release|Any CPU.ActiveCfg = Release|Any CPU
		{295DA5DF-B8CA-4C26-B3AB-22CD13470E84}.Release|Any CPU.Build.0 = Release|Any CPU
		{3877E2D0-6D9E-410A-9FC3-552C0D22C9D2}.Debug|Any CPU.ActiveCfg = Debug|Any CPU
		{3877E2D0-6D9E-410A-9FC3-552C0D22C9D2}.Debug|Any CPU.Build.0 = Debug|Any CPU
		{3877E2D0-6D9E-410A-9FC3-552C0D22C9D2}.Release|Any CPU.ActiveCfg = Release|Any CPU
		{3877E2D0-6D9E-410A-9FC3-552C0D22C9D2}.Release|Any CPU.Build.0 = Release|Any CPU
	EndGlobalSection
	GlobalSection(SolutionProperties) = preSolution
		HideSolutionNode = FALSE
	EndGlobalSection
	GlobalSection(ExtensibilityGlobals) = postSolution
		SolutionGuid = {FDF7AE32-2AC2-4876-82C5-454F4857ABB7}
	EndGlobalSection
EndGlobal
